// !$*UTF8*$!
{
	archiveVersion = 1;
	classes = {
	};
	objectVersion = 46;
	objects = {

/* Begin PBXBuildFile section */
		1906A9EA1BBBE12900B4DCC7 /* Metron.png in Resources */ = {isa = PBXBuildFile; fileRef = 1906A9E91BBBE12900B4DCC7 /* Metron.png */; };
		19264A811BCF3E9500A12F4A /* RectPara.plist in Resources */ = {isa = PBXBuildFile; fileRef = 19264A801BCF3E9500A12F4A /* RectPara.plist */; };
		19C868311C45959B006FD009 /* CircleFinder.mm in Sources */ = {isa = PBXBuildFile; fileRef = 19C8682C1C45959B006FD009 /* CircleFinder.mm */; };
		19C868321C45959B006FD009 /* EdgeFinder.mm in Sources */ = {isa = PBXBuildFile; fileRef = 19C8682E1C45959B006FD009 /* EdgeFinder.mm */; };
		19C868331C45959B006FD009 /* RectangleFinder.mm in Sources */ = {isa = PBXBuildFile; fileRef = 19C868301C45959B006FD009 /* RectangleFinder.mm */; };
		19CF50061BC4D18300E39FE8 /* CalibrationMacBook.mm in Sources */ = {isa = PBXBuildFile; fileRef = 19CF50041BC4D18300E39FE8 /* CalibrationMacBook.mm */; };
		19CF50071BC4D18300E39FE8 /* CalibrationMacBook.xib in Resources */ = {isa = PBXBuildFile; fileRef = 19CF50051BC4D18300E39FE8 /* CalibrationMacBook.xib */; };
		19D9C9DB1C51DE2000B6FCC5 /* CirclePara.plist in Resources */ = {isa = PBXBuildFile; fileRef = 19D9C9DA1C51DE2000B6FCC5 /* CirclePara.plist */; };
		19F1402E1BF0531E00ED4C05 /* Calibration.mm in Sources */ = {isa = PBXBuildFile; fileRef = 19F1402C1BF0531E00ED4C05 /* Calibration.mm */; };
		19F1402F1BF0531E00ED4C05 /* Calibration.xib in Resources */ = {isa = PBXBuildFile; fileRef = 19F1402D1BF0531E00ED4C05 /* Calibration.xib */; };
		7D2FE42319E382F700043166 /* config.plist in Resources */ = {isa = PBXBuildFile; fileRef = 7D2FE42219E382F700043166 /* config.plist */; };
		7D2FE42619E3867200043166 /* Util.m in Sources */ = {isa = PBXBuildFile; fileRef = 7D2FE42519E3867200043166 /* Util.m */; };
		7D93C51D19D54E3F006974F0 /* main.m in Sources */ = {isa = PBXBuildFile; fileRef = 7D93C51C19D54E3F006974F0 /* main.m */; };
		7D93C52019D54E3F006974F0 /* AppDelegate.mm in Sources */ = {isa = PBXBuildFile; fileRef = 7D93C51F19D54E3F006974F0 /* AppDelegate.mm */; };
		7D93C52219D54E3F006974F0 /* Images.xcassets in Resources */ = {isa = PBXBuildFile; fileRef = 7D93C52119D54E3F006974F0 /* Images.xcassets */; };
		7D93C52519D54E3F006974F0 /* MainMenu.xib in Resources */ = {isa = PBXBuildFile; fileRef = 7D93C52319D54E3F006974F0 /* MainMenu.xib */; };
		7D93C53119D54E3F006974F0 /* Mesa_MACTests.m in Sources */ = {isa = PBXBuildFile; fileRef = 7D93C53019D54E3F006974F0 /* Mesa_MACTests.m */; };
		7D93C53C19D54EE3006974F0 /* Constants.m in Sources */ = {isa = PBXBuildFile; fileRef = 7D93C53B19D54EE3006974F0 /* Constants.m */; };
		A90035CF24310C5A00CB5B05 /* libopencv_core.3.4.7.dylib in Frameworks */ = {isa = PBXBuildFile; fileRef = A90035CC24310C5A00CB5B05 /* libopencv_core.3.4.7.dylib */; };
		A90035D024310C5A00CB5B05 /* libopencv_highgui.3.4.7.dylib in Frameworks */ = {isa = PBXBuildFile; fileRef = A90035CD24310C5A00CB5B05 /* libopencv_highgui.3.4.7.dylib */; };
		A90035D124310C5A00CB5B05 /* libopencv_imgproc.3.4.7.dylib in Frameworks */ = {isa = PBXBuildFile; fileRef = A90035CE24310C5A00CB5B05 /* libopencv_imgproc.3.4.7.dylib */; };
		A90035DE24340D7300CB5B05 /* libstdc++.6.0.9.tbd in Frameworks */ = {isa = PBXBuildFile; fileRef = A90035DD24340D7300CB5B05 /* libstdc++.6.0.9.tbd */; };
		A90035E024340DFE00CB5B05 /* libopencv_imgcodecs.3.4.7.dylib in Frameworks */ = {isa = PBXBuildFile; fileRef = A90035DF24340DFE00CB5B05 /* libopencv_imgcodecs.3.4.7.dylib */; };
		A9622552243452ED00108F1A /* Quartz.framework in Frameworks */ = {isa = PBXBuildFile; fileRef = A962254F2434519500108F1A /* Quartz.framework */; };
		A974F1E1236F7BAD000C6E0A /* FastServerSocket.m in Sources */ = {isa = PBXBuildFile; fileRef = A974F1DD236F7BAD000C6E0A /* FastServerSocket.m */; };
		A974F1E2236F7BAD000C6E0A /* FastSocket.m in Sources */ = {isa = PBXBuildFile; fileRef = A974F1DE236F7BAD000C6E0A /* FastSocket.m */; };
		A974F1E3236F7BAD000C6E0A /* SocketServer.m in Sources */ = {isa = PBXBuildFile; fileRef = A974F1DF236F7BAD000C6E0A /* SocketServer.m */; };
		A9C2C4481C81310A00857A25 /* ORSSerialBuffer.m in Sources */ = {isa = PBXBuildFile; fileRef = A9C2C43F1C81310A00857A25 /* ORSSerialBuffer.m */; };
		A9C2C4491C81310A00857A25 /* ORSSerialPacketDescriptor.m in Sources */ = {isa = PBXBuildFile; fileRef = A9C2C4411C81310A00857A25 /* ORSSerialPacketDescriptor.m */; };
		A9C2C44A1C81310A00857A25 /* ORSSerialPort.m in Sources */ = {isa = PBXBuildFile; fileRef = A9C2C4431C81310A00857A25 /* ORSSerialPort.m */; };
		A9C2C44B1C81310A00857A25 /* ORSSerialPortManager.m in Sources */ = {isa = PBXBuildFile; fileRef = A9C2C4451C81310A00857A25 /* ORSSerialPortManager.m */; };
		A9C2C44C1C81310A00857A25 /* ORSSerialRequest.m in Sources */ = {isa = PBXBuildFile; fileRef = A9C2C4471C81310A00857A25 /* ORSSerialRequest.m */; };
		B90F65E71BAA562900DB94A0 /* DataCollctor.mm in Sources */ = {isa = PBXBuildFile; fileRef = B90F65E61BAA562900DB94A0 /* DataCollctor.mm */; };
		B943595D1B2FCC8D0028AE2E /* Googol_TCPIP.mm in Sources */ = {isa = PBXBuildFile; fileRef = B943595C1B2FCC8D0028AE2E /* Googol_TCPIP.mm */; };
		B94359601B2FCF1E0028AE2E /* Googol_MotionIO.mm in Sources */ = {isa = PBXBuildFile; fileRef = B943595F1B2FCF1E0028AE2E /* Googol_MotionIO.mm */; };
		B9B9A14E1B14162B00D73165 /* TestInfoController.m in Sources */ = {isa = PBXBuildFile; fileRef = B9B9A14D1B14162B00D73165 /* TestInfoController.m */; };
		C40B0B0319EBAE7D00D685C6 /* settings.plist in Resources */ = {isa = PBXBuildFile; fileRef = C40B0B0219EBAE7D00D685C6 /* settings.plist */; };
		C441535319E9318E00B17C70 /* GigECamera.mm in Sources */ = {isa = PBXBuildFile; fileRef = C441534E19E9318E00B17C70 /* GigECamera.mm */; };
		C441535519E9318E00B17C70 /* CV_image_processing.mm in Sources */ = {isa = PBXBuildFile; fileRef = C441535219E9318E00B17C70 /* CV_image_processing.mm */; };
		C45BD16E1B85AF1900C86004 /* MESATestRS232.m in Sources */ = {isa = PBXBuildFile; fileRef = C45BD16D1B85AF1900C86004 /* MESATestRS232.m */; };
		C4A3FBC31A1EE9EA00802708 /* LightingControl.mm in Sources */ = {isa = PBXBuildFile; fileRef = C4A3FBC21A1EE9EA00802708 /* LightingControl.mm */; };
		C4D13C1519E950AA0016F0AE /* libPvAPI.a in Frameworks */ = {isa = PBXBuildFile; fileRef = C4D13C1419E950AA0016F0AE /* libPvAPI.a */; };
/* End PBXBuildFile section */

/* Begin PBXContainerItemProxy section */
		7D93C52B19D54E3F006974F0 /* PBXContainerItemProxy */ = {
			isa = PBXContainerItemProxy;
			containerPortal = 7D93C50F19D54E3F006974F0 /* Project object */;
			proxyType = 1;
			remoteGlobalIDString = 7D93C51619D54E3F006974F0;
			remoteInfo = "Mesa-MAC";
		};
/* End PBXContainerItemProxy section */

/* Begin PBXFileReference section */
		1906A9E91BBBE12900B4DCC7 /* Metron.png */ = {isa = PBXFileReference; lastKnownFileType = image.png; path = Metron.png; sourceTree = "<group>"; };
		19264A801BCF3E9500A12F4A /* RectPara.plist */ = {isa = PBXFileReference; fileEncoding = 4; lastKnownFileType = text.plist.xml; path = RectPara.plist; sourceTree = "<group>"; };
		19C8682B1C45959B006FD009 /* CircleFinder.h */ = {isa = PBXFileReference; fileEncoding = 4; lastKnownFileType = sourcecode.c.h; path = CircleFinder.h; sourceTree = "<group>"; };
		19C8682C1C45959B006FD009 /* CircleFinder.mm */ = {isa = PBXFileReference; fileEncoding = 4; lastKnownFileType = sourcecode.cpp.objcpp; path = CircleFinder.mm; sourceTree = "<group>"; };
		19C8682D1C45959B006FD009 /* EdgeFinder.h */ = {isa = PBXFileReference; fileEncoding = 4; lastKnownFileType = sourcecode.c.h; path = EdgeFinder.h; sourceTree = "<group>"; };
		19C8682E1C45959B006FD009 /* EdgeFinder.mm */ = {isa = PBXFileReference; fileEncoding = 4; lastKnownFileType = sourcecode.cpp.objcpp; path = EdgeFinder.mm; sourceTree = "<group>"; };
		19C8682F1C45959B006FD009 /* RectangleFinder.h */ = {isa = PBXFileReference; fileEncoding = 4; lastKnownFileType = sourcecode.c.h; path = RectangleFinder.h; sourceTree = "<group>"; };
		19C868301C45959B006FD009 /* RectangleFinder.mm */ = {isa = PBXFileReference; fileEncoding = 4; lastKnownFileType = sourcecode.cpp.objcpp; path = RectangleFinder.mm; sourceTree = "<group>"; };
		19CF50031BC4D18300E39FE8 /* CalibrationMacBook.h */ = {isa = PBXFileReference; fileEncoding = 4; lastKnownFileType = sourcecode.c.h; path = CalibrationMacBook.h; sourceTree = "<group>"; };
		19CF50041BC4D18300E39FE8 /* CalibrationMacBook.mm */ = {isa = PBXFileReference; fileEncoding = 4; lastKnownFileType = sourcecode.cpp.objcpp; path = CalibrationMacBook.mm; sourceTree = "<group>"; };
		19CF50051BC4D18300E39FE8 /* CalibrationMacBook.xib */ = {isa = PBXFileReference; fileEncoding = 4; lastKnownFileType = file.xib; path = CalibrationMacBook.xib; sourceTree = "<group>"; };
		19D9C9DA1C51DE2000B6FCC5 /* CirclePara.plist */ = {isa = PBXFileReference; fileEncoding = 4; lastKnownFileType = text.plist.xml; path = CirclePara.plist; sourceTree = "<group>"; };
		19F1402B1BF0531E00ED4C05 /* Calibration.h */ = {isa = PBXFileReference; fileEncoding = 4; lastKnownFileType = sourcecode.c.h; path = Calibration.h; sourceTree = "<group>"; };
		19F1402C1BF0531E00ED4C05 /* Calibration.mm */ = {isa = PBXFileReference; fileEncoding = 4; lastKnownFileType = sourcecode.cpp.objcpp; path = Calibration.mm; sourceTree = "<group>"; };
		19F1402D1BF0531E00ED4C05 /* Calibration.xib */ = {isa = PBXFileReference; fileEncoding = 4; lastKnownFileType = file.xib; path = Calibration.xib; sourceTree = "<group>"; };
		7D2FE42219E382F700043166 /* config.plist */ = {isa = PBXFileReference; fileEncoding = 4; lastKnownFileType = text.plist.xml; path = config.plist; sourceTree = "<group>"; };
		7D2FE42419E3867200043166 /* Util.h */ = {isa = PBXFileReference; fileEncoding = 4; lastKnownFileType = sourcecode.c.h; path = Util.h; sourceTree = "<group>"; };
		7D2FE42519E3867200043166 /* Util.m */ = {isa = PBXFileReference; fileEncoding = 4; lastKnownFileType = sourcecode.c.objc; path = Util.m; sourceTree = "<group>"; };
		7D93C51719D54E3F006974F0 /* Mesa-MAC.app */ = {isa = PBXFileReference; explicitFileType = wrapper.application; includeInIndex = 0; path = "Mesa-MAC.app"; sourceTree = BUILT_PRODUCTS_DIR; };
		7D93C51B19D54E3F006974F0 /* Info.plist */ = {isa = PBXFileReference; lastKnownFileType = text.plist.xml; path = Info.plist; sourceTree = "<group>"; };
		7D93C51C19D54E3F006974F0 /* main.m */ = {isa = PBXFileReference; lastKnownFileType = sourcecode.c.objc; path = main.m; sourceTree = "<group>"; };
		7D93C51E19D54E3F006974F0 /* AppDelegate.h */ = {isa = PBXFileReference; lastKnownFileType = sourcecode.c.h; path = AppDelegate.h; sourceTree = "<group>"; };
		7D93C51F19D54E3F006974F0 /* AppDelegate.mm */ = {isa = PBXFileReference; lastKnownFileType = sourcecode.cpp.objcpp; path = AppDelegate.mm; sourceTree = "<group>"; };
		7D93C52119D54E3F006974F0 /* Images.xcassets */ = {isa = PBXFileReference; lastKnownFileType = folder.assetcatalog; path = Images.xcassets; sourceTree = "<group>"; };
		7D93C52419D54E3F006974F0 /* Base */ = {isa = PBXFileReference; lastKnownFileType = file.xib; name = Base; path = Base.lproj/MainMenu.xib; sourceTree = "<group>"; };
		7D93C52A19D54E3F006974F0 /* Mesa-MACTests.xctest */ = {isa = PBXFileReference; explicitFileType = wrapper.cfbundle; includeInIndex = 0; path = "Mesa-MACTests.xctest"; sourceTree = BUILT_PRODUCTS_DIR; };
		7D93C52F19D54E3F006974F0 /* Info.plist */ = {isa = PBXFileReference; lastKnownFileType = text.plist.xml; path = Info.plist; sourceTree = "<group>"; };
		7D93C53019D54E3F006974F0 /* Mesa_MACTests.m */ = {isa = PBXFileReference; lastKnownFileType = sourcecode.c.objc; path = Mesa_MACTests.m; sourceTree = "<group>"; };
		7D93C53A19D54EE3006974F0 /* Constants.h */ = {isa = PBXFileReference; fileEncoding = 4; lastKnownFileType = sourcecode.c.h; path = Constants.h; sourceTree = "<group>"; };
		7D93C53B19D54EE3006974F0 /* Constants.m */ = {isa = PBXFileReference; fileEncoding = 4; lastKnownFileType = sourcecode.c.objc; path = Constants.m; sourceTree = "<group>"; };
		A90035CC24310C5A00CB5B05 /* libopencv_core.3.4.7.dylib */ = {isa = PBXFileReference; lastKnownFileType = "compiled.mach-o.dylib"; path = libopencv_core.3.4.7.dylib; sourceTree = "<group>"; };
		A90035CD24310C5A00CB5B05 /* libopencv_highgui.3.4.7.dylib */ = {isa = PBXFileReference; lastKnownFileType = "compiled.mach-o.dylib"; path = libopencv_highgui.3.4.7.dylib; sourceTree = "<group>"; };
		A90035CE24310C5A00CB5B05 /* libopencv_imgproc.3.4.7.dylib */ = {isa = PBXFileReference; lastKnownFileType = "compiled.mach-o.dylib"; path = libopencv_imgproc.3.4.7.dylib; sourceTree = "<group>"; };
		A90035DD24340D7300CB5B05 /* libstdc++.6.0.9.tbd */ = {isa = PBXFileReference; fileEncoding = 4; lastKnownFileType = "sourcecode.text-based-dylib-definition"; path = "libstdc++.6.0.9.tbd"; sourceTree = "<group>"; };
		A90035DF24340DFE00CB5B05 /* libopencv_imgcodecs.3.4.7.dylib */ = {isa = PBXFileReference; lastKnownFileType = "compiled.mach-o.dylib"; path = libopencv_imgcodecs.3.4.7.dylib; sourceTree = "<group>"; };
		A962254C2434517400108F1A /* IOKit.framework */ = {isa = PBXFileReference; lastKnownFileType = wrapper.framework; name = IOKit.framework; path = System/Library/Frameworks/IOKit.framework; sourceTree = SDKROOT; };
		A962254D2434518A00108F1A /* CFNetwork.framework */ = {isa = PBXFileReference; lastKnownFileType = wrapper.framework; name = CFNetwork.framework; path = System/Library/Frameworks/CFNetwork.framework; sourceTree = SDKROOT; };
		A962254E2434518F00108F1A /* Cocoa.framework */ = {isa = PBXFileReference; lastKnownFileType = wrapper.framework; name = Cocoa.framework; path = System/Library/Frameworks/Cocoa.framework; sourceTree = SDKROOT; };
		A962254F2434519500108F1A /* Quartz.framework */ = {isa = PBXFileReference; lastKnownFileType = wrapper.framework; name = Quartz.framework; path = System/Library/Frameworks/Quartz.framework; sourceTree = SDKROOT; };
		A974F1DB236F7BAD000C6E0A /* SocketServer.h */ = {isa = PBXFileReference; fileEncoding = 4; lastKnownFileType = sourcecode.c.h; path = SocketServer.h; sourceTree = "<group>"; };
		A974F1DC236F7BAD000C6E0A /* FastServerSocket.h */ = {isa = PBXFileReference; fileEncoding = 4; lastKnownFileType = sourcecode.c.h; path = FastServerSocket.h; sourceTree = "<group>"; };
		A974F1DD236F7BAD000C6E0A /* FastServerSocket.m */ = {isa = PBXFileReference; fileEncoding = 4; lastKnownFileType = sourcecode.c.objc; path = FastServerSocket.m; sourceTree = "<group>"; };
		A974F1DE236F7BAD000C6E0A /* FastSocket.m */ = {isa = PBXFileReference; fileEncoding = 4; lastKnownFileType = sourcecode.c.objc; path = FastSocket.m; sourceTree = "<group>"; };
		A974F1DF236F7BAD000C6E0A /* SocketServer.m */ = {isa = PBXFileReference; fileEncoding = 4; lastKnownFileType = sourcecode.c.objc; path = SocketServer.m; sourceTree = "<group>"; };
		A974F1E0236F7BAD000C6E0A /* FastSocket.h */ = {isa = PBXFileReference; fileEncoding = 4; lastKnownFileType = sourcecode.c.h; path = FastSocket.h; sourceTree = "<group>"; };
		A9C2C43E1C81310A00857A25 /* ORSSerialBuffer.h */ = {isa = PBXFileReference; fileEncoding = 4; lastKnownFileType = sourcecode.c.h; name = ORSSerialBuffer.h; path = ORSSerial/ORSSerialBuffer.h; sourceTree = SOURCE_ROOT; };
		A9C2C43F1C81310A00857A25 /* ORSSerialBuffer.m */ = {isa = PBXFileReference; fileEncoding = 4; lastKnownFileType = sourcecode.c.objc; name = ORSSerialBuffer.m; path = ORSSerial/ORSSerialBuffer.m; sourceTree = SOURCE_ROOT; };
		A9C2C4401C81310A00857A25 /* ORSSerialPacketDescriptor.h */ = {isa = PBXFileReference; fileEncoding = 4; lastKnownFileType = sourcecode.c.h; name = ORSSerialPacketDescriptor.h; path = ORSSerial/ORSSerialPacketDescriptor.h; sourceTree = SOURCE_ROOT; };
		A9C2C4411C81310A00857A25 /* ORSSerialPacketDescriptor.m */ = {isa = PBXFileReference; fileEncoding = 4; lastKnownFileType = sourcecode.c.objc; name = ORSSerialPacketDescriptor.m; path = ORSSerial/ORSSerialPacketDescriptor.m; sourceTree = SOURCE_ROOT; };
		A9C2C4421C81310A00857A25 /* ORSSerialPort.h */ = {isa = PBXFileReference; fileEncoding = 4; lastKnownFileType = sourcecode.c.h; name = ORSSerialPort.h; path = ORSSerial/ORSSerialPort.h; sourceTree = SOURCE_ROOT; };
		A9C2C4431C81310A00857A25 /* ORSSerialPort.m */ = {isa = PBXFileReference; fileEncoding = 4; lastKnownFileType = sourcecode.c.objc; name = ORSSerialPort.m; path = ORSSerial/ORSSerialPort.m; sourceTree = SOURCE_ROOT; };
		A9C2C4441C81310A00857A25 /* ORSSerialPortManager.h */ = {isa = PBXFileReference; fileEncoding = 4; lastKnownFileType = sourcecode.c.h; name = ORSSerialPortManager.h; path = ORSSerial/ORSSerialPortManager.h; sourceTree = SOURCE_ROOT; };
		A9C2C4451C81310A00857A25 /* ORSSerialPortManager.m */ = {isa = PBXFileReference; fileEncoding = 4; lastKnownFileType = sourcecode.c.objc; name = ORSSerialPortManager.m; path = ORSSerial/ORSSerialPortManager.m; sourceTree = SOURCE_ROOT; };
		A9C2C4461C81310A00857A25 /* ORSSerialRequest.h */ = {isa = PBXFileReference; fileEncoding = 4; lastKnownFileType = sourcecode.c.h; name = ORSSerialRequest.h; path = ORSSerial/ORSSerialRequest.h; sourceTree = SOURCE_ROOT; };
		A9C2C4471C81310A00857A25 /* ORSSerialRequest.m */ = {isa = PBXFileReference; fileEncoding = 4; lastKnownFileType = sourcecode.c.objc; name = ORSSerialRequest.m; path = ORSSerial/ORSSerialRequest.m; sourceTree = SOURCE_ROOT; };
		B90F65E51BAA562900DB94A0 /* DataCollctor.h */ = {isa = PBXFileReference; fileEncoding = 4; lastKnownFileType = sourcecode.c.h; path = DataCollctor.h; sourceTree = "<group>"; };
		B90F65E61BAA562900DB94A0 /* DataCollctor.mm */ = {isa = PBXFileReference; fileEncoding = 4; lastKnownFileType = sourcecode.cpp.objcpp; path = DataCollctor.mm; sourceTree = "<group>"; };
		B943595B1B2FCC8D0028AE2E /* Googol_TCPIP.h */ = {isa = PBXFileReference; fileEncoding = 4; lastKnownFileType = sourcecode.c.h; path = Googol_TCPIP.h; sourceTree = "<group>"; };
		B943595C1B2FCC8D0028AE2E /* Googol_TCPIP.mm */ = {isa = PBXFileReference; fileEncoding = 4; lastKnownFileType = sourcecode.cpp.objcpp; path = Googol_TCPIP.mm; sourceTree = "<group>"; };
		B943595E1B2FCF1E0028AE2E /* Googol_MotionIO.h */ = {isa = PBXFileReference; fileEncoding = 4; lastKnownFileType = sourcecode.c.h; path = Googol_MotionIO.h; sourceTree = "<group>"; };
		B943595F1B2FCF1E0028AE2E /* Googol_MotionIO.mm */ = {isa = PBXFileReference; fileEncoding = 4; lastKnownFileType = sourcecode.cpp.objcpp; path = Googol_MotionIO.mm; sourceTree = "<group>"; };
		B98DD58D1B6B270800188879 /* Macro.h */ = {isa = PBXFileReference; lastKnownFileType = sourcecode.c.h; path = Macro.h; sourceTree = "<group>"; };
		B9B9A14C1B14162B00D73165 /* TestInfoController.h */ = {isa = PBXFileReference; fileEncoding = 4; lastKnownFileType = sourcecode.c.h; path = TestInfoController.h; sourceTree = "<group>"; };
		B9B9A14D1B14162B00D73165 /* TestInfoController.m */ = {isa = PBXFileReference; fileEncoding = 4; lastKnownFileType = sourcecode.c.objc; path = TestInfoController.m; sourceTree = "<group>"; };
		C40B0B0219EBAE7D00D685C6 /* settings.plist */ = {isa = PBXFileReference; fileEncoding = 4; lastKnownFileType = text.plist.xml; path = settings.plist; sourceTree = "<group>"; };
		C441534D19E9318E00B17C70 /* GigECamera.h */ = {isa = PBXFileReference; fileEncoding = 4; lastKnownFileType = sourcecode.c.h; path = GigECamera.h; sourceTree = "<group>"; };
		C441534E19E9318E00B17C70 /* GigECamera.mm */ = {isa = PBXFileReference; fileEncoding = 4; lastKnownFileType = sourcecode.cpp.objcpp; path = GigECamera.mm; sourceTree = "<group>"; };
		C441535119E9318E00B17C70 /* CV_image_processing.h */ = {isa = PBXFileReference; fileEncoding = 4; lastKnownFileType = sourcecode.c.h; path = CV_image_processing.h; sourceTree = "<group>"; };
		C441535219E9318E00B17C70 /* CV_image_processing.mm */ = {isa = PBXFileReference; fileEncoding = 4; lastKnownFileType = sourcecode.cpp.objcpp; path = CV_image_processing.mm; sourceTree = "<group>"; };
		C45BD16C1B85AF1900C86004 /* MESATestRS232.h */ = {isa = PBXFileReference; fileEncoding = 4; lastKnownFileType = sourcecode.c.h; path = MESATestRS232.h; sourceTree = "<group>"; };
		C45BD16D1B85AF1900C86004 /* MESATestRS232.m */ = {isa = PBXFileReference; fileEncoding = 4; lastKnownFileType = sourcecode.c.objc; path = MESATestRS232.m; sourceTree = "<group>"; };
		C4A3FBC11A1EE9EA00802708 /* LightingControl.h */ = {isa = PBXFileReference; fileEncoding = 4; lastKnownFileType = sourcecode.c.h; path = LightingControl.h; sourceTree = "<group>"; };
		C4A3FBC21A1EE9EA00802708 /* LightingControl.mm */ = {isa = PBXFileReference; fileEncoding = 4; lastKnownFileType = sourcecode.cpp.objcpp; path = LightingControl.mm; sourceTree = "<group>"; };
		C4D13C1419E950AA0016F0AE /* libPvAPI.a */ = {isa = PBXFileReference; lastKnownFileType = archive.ar; path = libPvAPI.a; sourceTree = "<group>"; };
/* End PBXFileReference section */

/* Begin PBXFrameworksBuildPhase section */
		7D93C51419D54E3F006974F0 /* Frameworks */ = {
			isa = PBXFrameworksBuildPhase;
			buildActionMask = 2147483647;
			files = (
				A9622552243452ED00108F1A /* Quartz.framework in Frameworks */,
				C4D13C1519E950AA0016F0AE /* libPvAPI.a in Frameworks */,
				A90035D124310C5A00CB5B05 /* libopencv_imgproc.3.4.7.dylib in Frameworks */,
				A90035E024340DFE00CB5B05 /* libopencv_imgcodecs.3.4.7.dylib in Frameworks */,
				A90035D024310C5A00CB5B05 /* libopencv_highgui.3.4.7.dylib in Frameworks */,
				A90035DE24340D7300CB5B05 /* libstdc++.6.0.9.tbd in Frameworks */,
				A90035CF24310C5A00CB5B05 /* libopencv_core.3.4.7.dylib in Frameworks */,
			);
			runOnlyForDeploymentPostprocessing = 0;
		};
		7D93C52719D54E3F006974F0 /* Frameworks */ = {
			isa = PBXFrameworksBuildPhase;
			buildActionMask = 2147483647;
			files = (
			);
			runOnlyForDeploymentPostprocessing = 0;
		};
/* End PBXFrameworksBuildPhase section */

/* Begin PBXGroup section */
		7D93C50E19D54E3F006974F0 = {
			isa = PBXGroup;
			children = (
				7D93C51919D54E3F006974F0 /* Mesa-MAC */,
				7D93C52D19D54E3F006974F0 /* Mesa-MACTests */,
				7D93C51819D54E3F006974F0 /* Products */,
				A90035D22431137F00CB5B05 /* Frameworks */,
			);
			sourceTree = "<group>";
		};
		7D93C51819D54E3F006974F0 /* Products */ = {
			isa = PBXGroup;
			children = (
				7D93C51719D54E3F006974F0 /* Mesa-MAC.app */,
				7D93C52A19D54E3F006974F0 /* Mesa-MACTests.xctest */,
			);
			name = Products;
			sourceTree = "<group>";
		};
		7D93C51919D54E3F006974F0 /* Mesa-MAC */ = {
			isa = PBXGroup;
			children = (
				A974F1DA236F7B93000C6E0A /* SocketServer */,
				A9C2C43D1C8130EB00857A25 /* ORSSerial */,
				B90F65E41BAA55AF00DB94A0 /* Spiderman */,
				B96A94061B33C99600CAC770 /* Main */,
				B96A94041B33BD1E00CAC770 /* Cam */,
				B96A94051B33C97000CAC770 /* Lighting */,
				B943595A1B2FCC510028AE2E /* Motion Controller */,
				7D93C51A19D54E3F006974F0 /* Supporting Files */,
				B96A94071B33C9C600CAC770 /* Deprecated */,
				7D93C52119D54E3F006974F0 /* Images.xcassets */,
			);
			path = "Mesa-MAC";
			sourceTree = "<group>";
		};
		7D93C51A19D54E3F006974F0 /* Supporting Files */ = {
			isa = PBXGroup;
			children = (
				19264A801BCF3E9500A12F4A /* RectPara.plist */,
				19D9C9DA1C51DE2000B6FCC5 /* CirclePara.plist */,
				7D2FE42219E382F700043166 /* config.plist */,
				7D93C51B19D54E3F006974F0 /* Info.plist */,
				7D93C51C19D54E3F006974F0 /* main.m */,
				C40B0B0219EBAE7D00D685C6 /* settings.plist */,
			);
			name = "Supporting Files";
			sourceTree = "<group>";
		};
		7D93C52D19D54E3F006974F0 /* Mesa-MACTests */ = {
			isa = PBXGroup;
			children = (
				7D93C53019D54E3F006974F0 /* Mesa_MACTests.m */,
				7D93C52E19D54E3F006974F0 /* Supporting Files */,
			);
			path = "Mesa-MACTests";
			sourceTree = "<group>";
		};
		7D93C52E19D54E3F006974F0 /* Supporting Files */ = {
			isa = PBXGroup;
			children = (
				7D93C52F19D54E3F006974F0 /* Info.plist */,
			);
			name = "Supporting Files";
			sourceTree = "<group>";
		};
		A90035D22431137F00CB5B05 /* Frameworks */ = {
			isa = PBXGroup;
			children = (
				A962254D2434518A00108F1A /* CFNetwork.framework */,
				A962254E2434518F00108F1A /* Cocoa.framework */,
				A962254F2434519500108F1A /* Quartz.framework */,
				A962254C2434517400108F1A /* IOKit.framework */,
				C4D13C1419E950AA0016F0AE /* libPvAPI.a */,
				A90035DD24340D7300CB5B05 /* libstdc++.6.0.9.tbd */,
				A90035CC24310C5A00CB5B05 /* libopencv_core.3.4.7.dylib */,
				A90035CD24310C5A00CB5B05 /* libopencv_highgui.3.4.7.dylib */,
				A90035DF24340DFE00CB5B05 /* libopencv_imgcodecs.3.4.7.dylib */,
				A90035CE24310C5A00CB5B05 /* libopencv_imgproc.3.4.7.dylib */,
			);
			name = Frameworks;
			sourceTree = "<group>";
		};
		A974F1DA236F7B93000C6E0A /* SocketServer */ = {
			isa = PBXGroup;
			children = (
				A974F1DC236F7BAD000C6E0A /* FastServerSocket.h */,
				A974F1DD236F7BAD000C6E0A /* FastServerSocket.m */,
				A974F1E0236F7BAD000C6E0A /* FastSocket.h */,
				A974F1DE236F7BAD000C6E0A /* FastSocket.m */,
				A974F1DB236F7BAD000C6E0A /* SocketServer.h */,
				A974F1DF236F7BAD000C6E0A /* SocketServer.m */,
			);
			name = SocketServer;
			sourceTree = "<group>";
		};
		A9C2C43D1C8130EB00857A25 /* ORSSerial */ = {
			isa = PBXGroup;
			children = (
				A9C2C43E1C81310A00857A25 /* ORSSerialBuffer.h */,
				A9C2C43F1C81310A00857A25 /* ORSSerialBuffer.m */,
				A9C2C4401C81310A00857A25 /* ORSSerialPacketDescriptor.h */,
				A9C2C4411C81310A00857A25 /* ORSSerialPacketDescriptor.m */,
				A9C2C4421C81310A00857A25 /* ORSSerialPort.h */,
				A9C2C4431C81310A00857A25 /* ORSSerialPort.m */,
				A9C2C4441C81310A00857A25 /* ORSSerialPortManager.h */,
				A9C2C4451C81310A00857A25 /* ORSSerialPortManager.m */,
				A9C2C4461C81310A00857A25 /* ORSSerialRequest.h */,
				A9C2C4471C81310A00857A25 /* ORSSerialRequest.m */,
			);
			name = ORSSerial;
			sourceTree = "<group>";
		};
		B90F65E41BAA55AF00DB94A0 /* Spiderman */ = {
			isa = PBXGroup;
			children = (
				B90F65E51BAA562900DB94A0 /* DataCollctor.h */,
				B90F65E61BAA562900DB94A0 /* DataCollctor.mm */,
			);
			name = Spiderman;
			sourceTree = "<group>";
		};
		B943595A1B2FCC510028AE2E /* Motion Controller */ = {
			isa = PBXGroup;
			children = (
				B9EAFA131B37DCFB004707A0 /* Googol */,
			);
			name = "Motion Controller";
			sourceTree = "<group>";
		};
		B96A94041B33BD1E00CAC770 /* Cam */ = {
			isa = PBXGroup;
			children = (
				19C8682B1C45959B006FD009 /* CircleFinder.h */,
				19C8682C1C45959B006FD009 /* CircleFinder.mm */,
				19C8682D1C45959B006FD009 /* EdgeFinder.h */,
				19C8682E1C45959B006FD009 /* EdgeFinder.mm */,
				19C8682F1C45959B006FD009 /* RectangleFinder.h */,
				19C868301C45959B006FD009 /* RectangleFinder.mm */,
				C441535119E9318E00B17C70 /* CV_image_processing.h */,
				C441535219E9318E00B17C70 /* CV_image_processing.mm */,
				C441534D19E9318E00B17C70 /* GigECamera.h */,
				C441534E19E9318E00B17C70 /* GigECamera.mm */,
			);
			name = Cam;
			sourceTree = "<group>";
		};
		B96A94051B33C97000CAC770 /* Lighting */ = {
			isa = PBXGroup;
			children = (
				C4A3FBC11A1EE9EA00802708 /* LightingControl.h */,
				C4A3FBC21A1EE9EA00802708 /* LightingControl.mm */,
			);
			name = Lighting;
			sourceTree = "<group>";
		};
		B96A94061B33C99600CAC770 /* Main */ = {
			isa = PBXGroup;
			children = (
				1906A9E91BBBE12900B4DCC7 /* Metron.png */,
				7D93C51E19D54E3F006974F0 /* AppDelegate.h */,
				7D93C51F19D54E3F006974F0 /* AppDelegate.mm */,
				B9B9A14C1B14162B00D73165 /* TestInfoController.h */,
				B9B9A14D1B14162B00D73165 /* TestInfoController.m */,
				7D2FE42419E3867200043166 /* Util.h */,
				7D2FE42519E3867200043166 /* Util.m */,
				7D93C52319D54E3F006974F0 /* MainMenu.xib */,
				B98DD58D1B6B270800188879 /* Macro.h */,
				19F1402B1BF0531E00ED4C05 /* Calibration.h */,
				19F1402C1BF0531E00ED4C05 /* Calibration.mm */,
				19F1402D1BF0531E00ED4C05 /* Calibration.xib */,
				19CF50031BC4D18300E39FE8 /* CalibrationMacBook.h */,
				19CF50041BC4D18300E39FE8 /* CalibrationMacBook.mm */,
				19CF50051BC4D18300E39FE8 /* CalibrationMacBook.xib */,
			);
			name = Main;
			sourceTree = "<group>";
		};
		B96A94071B33C9C600CAC770 /* Deprecated */ = {
			isa = PBXGroup;
			children = (
				C45BD16C1B85AF1900C86004 /* MESATestRS232.h */,
				C45BD16D1B85AF1900C86004 /* MESATestRS232.m */,
				7D93C53A19D54EE3006974F0 /* Constants.h */,
				7D93C53B19D54EE3006974F0 /* Constants.m */,
			);
			name = Deprecated;
			sourceTree = "<group>";
		};
		B9EAFA131B37DCFB004707A0 /* Googol */ = {
			isa = PBXGroup;
			children = (
				B943595B1B2FCC8D0028AE2E /* Googol_TCPIP.h */,
				B943595C1B2FCC8D0028AE2E /* Googol_TCPIP.mm */,
				B943595E1B2FCF1E0028AE2E /* Googol_MotionIO.h */,
				B943595F1B2FCF1E0028AE2E /* Googol_MotionIO.mm */,
			);
			name = Googol;
			sourceTree = "<group>";
		};
/* End PBXGroup section */

/* Begin PBXNativeTarget section */
		7D93C51619D54E3F006974F0 /* Mesa-MAC */ = {
			isa = PBXNativeTarget;
			buildConfigurationList = 7D93C53419D54E3F006974F0 /* Build configuration list for PBXNativeTarget "Mesa-MAC" */;
			buildPhases = (
				7D93C51319D54E3F006974F0 /* Sources */,
				7D93C51419D54E3F006974F0 /* Frameworks */,
				7D93C51519D54E3F006974F0 /* Resources */,
			);
			buildRules = (
			);
			dependencies = (
			);
			name = "Mesa-MAC";
			productName = "Mesa-MAC";
			productReference = 7D93C51719D54E3F006974F0 /* Mesa-MAC.app */;
			productType = "com.apple.product-type.application";
		};
		7D93C52919D54E3F006974F0 /* Mesa-MACTests */ = {
			isa = PBXNativeTarget;
			buildConfigurationList = 7D93C53719D54E3F006974F0 /* Build configuration list for PBXNativeTarget "Mesa-MACTests" */;
			buildPhases = (
				7D93C52619D54E3F006974F0 /* Sources */,
				7D93C52719D54E3F006974F0 /* Frameworks */,
				7D93C52819D54E3F006974F0 /* Resources */,
			);
			buildRules = (
			);
			dependencies = (
				7D93C52C19D54E3F006974F0 /* PBXTargetDependency */,
			);
			name = "Mesa-MACTests";
			productName = "Mesa-MACTests";
			productReference = 7D93C52A19D54E3F006974F0 /* Mesa-MACTests.xctest */;
			productType = "com.apple.product-type.bundle.unit-test";
		};
/* End PBXNativeTarget section */

/* Begin PBXProject section */
		7D93C50F19D54E3F006974F0 /* Project object */ = {
			isa = PBXProject;
			attributes = {
				LastUpgradeCheck = 0600;
				ORGANIZATIONNAME = "Antonio Yu";
				TargetAttributes = {
					7D93C51619D54E3F006974F0 = {
						CreatedOnToolsVersion = 6.0.1;
					};
					7D93C52919D54E3F006974F0 = {
						CreatedOnToolsVersion = 6.0.1;
						TestTargetID = 7D93C51619D54E3F006974F0;
					};
				};
			};
			buildConfigurationList = 7D93C51219D54E3F006974F0 /* Build configuration list for PBXProject "Mesa-MAC" */;
			compatibilityVersion = "Xcode 3.2";
			developmentRegion = English;
			hasScannedForEncodings = 0;
			knownRegions = (
				English,
				en,
				Base,
			);
			mainGroup = 7D93C50E19D54E3F006974F0;
			productRefGroup = 7D93C51819D54E3F006974F0 /* Products */;
			projectDirPath = "";
			projectRoot = "";
			targets = (
				7D93C51619D54E3F006974F0 /* Mesa-MAC */,
				7D93C52919D54E3F006974F0 /* Mesa-MACTests */,
			);
		};
/* End PBXProject section */

/* Begin PBXResourcesBuildPhase section */
		7D93C51519D54E3F006974F0 /* Resources */ = {
			isa = PBXResourcesBuildPhase;
			buildActionMask = 2147483647;
			files = (
				19F1402F1BF0531E00ED4C05 /* Calibration.xib in Resources */,
				19D9C9DB1C51DE2000B6FCC5 /* CirclePara.plist in Resources */,
				7D93C52219D54E3F006974F0 /* Images.xcassets in Resources */,
				C40B0B0319EBAE7D00D685C6 /* settings.plist in Resources */,
				19264A811BCF3E9500A12F4A /* RectPara.plist in Resources */,
				19CF50071BC4D18300E39FE8 /* CalibrationMacBook.xib in Resources */,
				7D93C52519D54E3F006974F0 /* MainMenu.xib in Resources */,
				1906A9EA1BBBE12900B4DCC7 /* Metron.png in Resources */,
				7D2FE42319E382F700043166 /* config.plist in Resources */,
			);
			runOnlyForDeploymentPostprocessing = 0;
		};
		7D93C52819D54E3F006974F0 /* Resources */ = {
			isa = PBXResourcesBuildPhase;
			buildActionMask = 2147483647;
			files = (
			);
			runOnlyForDeploymentPostprocessing = 0;
		};
/* End PBXResourcesBuildPhase section */

/* Begin PBXSourcesBuildPhase section */
		7D93C51319D54E3F006974F0 /* Sources */ = {
			isa = PBXSourcesBuildPhase;
			buildActionMask = 2147483647;
			files = (
				19C868321C45959B006FD009 /* EdgeFinder.mm in Sources */,
				19C868331C45959B006FD009 /* RectangleFinder.mm in Sources */,
				C441535519E9318E00B17C70 /* CV_image_processing.mm in Sources */,
				7D93C52019D54E3F006974F0 /* AppDelegate.mm in Sources */,
				7D93C51D19D54E3F006974F0 /* main.m in Sources */,
				B90F65E71BAA562900DB94A0 /* DataCollctor.mm in Sources */,
				A974F1E3236F7BAD000C6E0A /* SocketServer.m in Sources */,
				C45BD16E1B85AF1900C86004 /* MESATestRS232.m in Sources */,
				B94359601B2FCF1E0028AE2E /* Googol_MotionIO.mm in Sources */,
				A9C2C4481C81310A00857A25 /* ORSSerialBuffer.m in Sources */,
				19F1402E1BF0531E00ED4C05 /* Calibration.mm in Sources */,
				A9C2C44C1C81310A00857A25 /* ORSSerialRequest.m in Sources */,
				C4A3FBC31A1EE9EA00802708 /* LightingControl.mm in Sources */,
				A9C2C44A1C81310A00857A25 /* ORSSerialPort.m in Sources */,
				A9C2C44B1C81310A00857A25 /* ORSSerialPortManager.m in Sources */,
				A974F1E2236F7BAD000C6E0A /* FastSocket.m in Sources */,
				C441535319E9318E00B17C70 /* GigECamera.mm in Sources */,
				19CF50061BC4D18300E39FE8 /* CalibrationMacBook.mm in Sources */,
				7D93C53C19D54EE3006974F0 /* Constants.m in Sources */,
				7D2FE42619E3867200043166 /* Util.m in Sources */,
				A974F1E1236F7BAD000C6E0A /* FastServerSocket.m in Sources */,
				B943595D1B2FCC8D0028AE2E /* Googol_TCPIP.mm in Sources */,
				19C868311C45959B006FD009 /* CircleFinder.mm in Sources */,
				B9B9A14E1B14162B00D73165 /* TestInfoController.m in Sources */,
				A9C2C4491C81310A00857A25 /* ORSSerialPacketDescriptor.m in Sources */,
			);
			runOnlyForDeploymentPostprocessing = 0;
		};
		7D93C52619D54E3F006974F0 /* Sources */ = {
			isa = PBXSourcesBuildPhase;
			buildActionMask = 2147483647;
			files = (
				7D93C53119D54E3F006974F0 /* Mesa_MACTests.m in Sources */,
			);
			runOnlyForDeploymentPostprocessing = 0;
		};
/* End PBXSourcesBuildPhase section */

/* Begin PBXTargetDependency section */
		7D93C52C19D54E3F006974F0 /* PBXTargetDependency */ = {
			isa = PBXTargetDependency;
			target = 7D93C51619D54E3F006974F0 /* Mesa-MAC */;
			targetProxy = 7D93C52B19D54E3F006974F0 /* PBXContainerItemProxy */;
		};
/* End PBXTargetDependency section */

/* Begin PBXVariantGroup section */
		7D93C52319D54E3F006974F0 /* MainMenu.xib */ = {
			isa = PBXVariantGroup;
			children = (
				7D93C52419D54E3F006974F0 /* Base */,
			);
			name = MainMenu.xib;
			sourceTree = "<group>";
		};
/* End PBXVariantGroup section */

/* Begin XCBuildConfiguration section */
		7D93C53219D54E3F006974F0 /* Debug */ = {
			isa = XCBuildConfiguration;
			buildSettings = {
				ALWAYS_SEARCH_USER_PATHS = NO;
				CLANG_CXX_LANGUAGE_STANDARD = "gnu++0x";
				CLANG_CXX_LIBRARY = "libc++";
				CLANG_ENABLE_MODULES = YES;
				CLANG_ENABLE_OBJC_ARC = YES;
				CLANG_WARN_BOOL_CONVERSION = YES;
				CLANG_WARN_CONSTANT_CONVERSION = YES;
				CLANG_WARN_DIRECT_OBJC_ISA_USAGE = YES_ERROR;
				CLANG_WARN_EMPTY_BODY = YES;
				CLANG_WARN_ENUM_CONVERSION = YES;
				CLANG_WARN_INT_CONVERSION = YES;
				CLANG_WARN_OBJC_ROOT_CLASS = YES_ERROR;
				CLANG_WARN_UNREACHABLE_CODE = YES;
				CLANG_WARN__DUPLICATE_METHOD_MATCH = YES;
				CODE_SIGN_IDENTITY = "-";
				COPY_PHASE_STRIP = NO;
				ENABLE_STRICT_OBJC_MSGSEND = YES;
				GCC_C_LANGUAGE_STANDARD = gnu99;
				GCC_DYNAMIC_NO_PIC = NO;
				GCC_OPTIMIZATION_LEVEL = 0;
				GCC_PREPROCESSOR_DEFINITIONS = (
					"DEBUG=1",
					"$(inherited)",
				);
				GCC_SYMBOLS_PRIVATE_EXTERN = NO;
				GCC_WARN_64_TO_32_BIT_CONVERSION = YES;
				GCC_WARN_ABOUT_RETURN_TYPE = YES_ERROR;
				GCC_WARN_UNDECLARED_SELECTOR = YES;
				GCC_WARN_UNINITIALIZED_AUTOS = YES_AGGRESSIVE;
				GCC_WARN_UNUSED_FUNCTION = YES;
				GCC_WARN_UNUSED_VARIABLE = YES;
				MACOSX_DEPLOYMENT_TARGET = 10.9;
				MTL_ENABLE_DEBUG_INFO = YES;
				ONLY_ACTIVE_ARCH = YES;
				SDKROOT = macosx;
			};
			name = Debug;
		};
		7D93C53319D54E3F006974F0 /* Release */ = {
			isa = XCBuildConfiguration;
			buildSettings = {
				ALWAYS_SEARCH_USER_PATHS = NO;
				CLANG_CXX_LANGUAGE_STANDARD = "gnu++0x";
				CLANG_CXX_LIBRARY = "libc++";
				CLANG_ENABLE_MODULES = YES;
				CLANG_ENABLE_OBJC_ARC = YES;
				CLANG_WARN_BOOL_CONVERSION = YES;
				CLANG_WARN_CONSTANT_CONVERSION = YES;
				CLANG_WARN_DIRECT_OBJC_ISA_USAGE = YES_ERROR;
				CLANG_WARN_EMPTY_BODY = YES;
				CLANG_WARN_ENUM_CONVERSION = YES;
				CLANG_WARN_INT_CONVERSION = YES;
				CLANG_WARN_OBJC_ROOT_CLASS = YES_ERROR;
				CLANG_WARN_UNREACHABLE_CODE = YES;
				CLANG_WARN__DUPLICATE_METHOD_MATCH = YES;
				CODE_SIGN_IDENTITY = "-";
				COPY_PHASE_STRIP = YES;
				DEBUG_INFORMATION_FORMAT = "dwarf-with-dsym";
				ENABLE_NS_ASSERTIONS = NO;
				ENABLE_STRICT_OBJC_MSGSEND = YES;
				GCC_C_LANGUAGE_STANDARD = gnu99;
				GCC_WARN_64_TO_32_BIT_CONVERSION = YES;
				GCC_WARN_ABOUT_RETURN_TYPE = YES_ERROR;
				GCC_WARN_UNDECLARED_SELECTOR = YES;
				GCC_WARN_UNINITIALIZED_AUTOS = YES_AGGRESSIVE;
				GCC_WARN_UNUSED_FUNCTION = YES;
				GCC_WARN_UNUSED_VARIABLE = YES;
				MACOSX_DEPLOYMENT_TARGET = 10.9;
				MTL_ENABLE_DEBUG_INFO = NO;
				ONLY_ACTIVE_ARCH = NO;
				SDKROOT = macosx;
			};
			name = Release;
		};
		7D93C53519D54E3F006974F0 /* Debug */ = {
			isa = XCBuildConfiguration;
			buildSettings = {
				ASSETCATALOG_COMPILER_APPICON_NAME = AppIcon;
				CLANG_CXX_LANGUAGE_STANDARD = "gnu++0x";
				CLANG_CXX_LIBRARY = "libc++";
				CLANG_ENABLE_MODULES = YES;
				CLANG_ENABLE_OBJC_ARC = YES;
				COMBINE_HIDPI_IMAGES = YES;
				FRAMEWORK_SEARCH_PATHS = (
					"$(inherited)",
					"$(DEVELOPER_FRAMEWORKS_DIR)",
				);
				GCC_INPUT_FILETYPE = automatic;
				GCC_PRECOMPILE_PREFIX_HEADER = YES;
				HEADER_SEARCH_PATHS = (
					"$(inherited)",
					/Applications/Xcode.app/Contents/Developer/Toolchains/XcodeDefault.xctoolchain/usr/include,
					"\"$(SRCROOT)/AVT_GigE_SDK/inc-pc\"",
					/usr/local/include,
					/usr/local/include/opencv,
					"/Application/MESA-Mac",
					/usr/local/include/opencv2,
				);
				INFOPLIST_FILE = "Mesa-MAC/Info.plist";
				LD_RUNPATH_SEARCH_PATHS = "$(inherited) @executable_path/../Frameworks";
				LIBRARY_SEARCH_PATHS = (
					"$(inherited)",
					/usr/local/lib,
					"$(PROJECT_DIR)/AVT_GigE_SDK/lib-pc/x64/4.2",
					"$(PROJECT_DIR)/OpenCV",
					"$(PROJECT_DIR)/J80G_Overlay/Users/gdlocal/Overlay/AVT_GigE_SDK/bin-pc/x64",
					"$(PROJECT_DIR)/J80G_Overlay/Users/gdlocal/Overlay/AVT_GigE_SDK/bin-pc/x86",
					"$(PROJECT_DIR)/J80G_Overlay/Users/gdlocal/Overlay/AVT_GigE_SDK/lib-pc/x64/4.2",
					"$(PROJECT_DIR)/J80G_Overlay/Users/gdlocal/Overlay/AVT_GigE_SDK/lib-pc/x86/4.2",
					"$(PROJECT_DIR)/J80G_Overlay/usr/local/lib",
					/usr/lib,
					"$(PROJECT_DIR)",
				);
				MACOSX_DEPLOYMENT_TARGET = 10.12;
				MARKETING_VERSION = 1.0.3.6;
				PRODUCT_NAME = "$(TARGET_NAME)";
			};
			name = Debug;
		};
		7D93C53619D54E3F006974F0 /* Release */ = {
			isa = XCBuildConfiguration;
			buildSettings = {
				ASSETCATALOG_COMPILER_APPICON_NAME = AppIcon;
				CLANG_CXX_LANGUAGE_STANDARD = "gnu++0x";
				CLANG_CXX_LIBRARY = "libc++";
				CLANG_ENABLE_MODULES = YES;
				CLANG_ENABLE_OBJC_ARC = YES;
				COMBINE_HIDPI_IMAGES = YES;
				FRAMEWORK_SEARCH_PATHS = (
					"$(inherited)",
					"$(DEVELOPER_FRAMEWORKS_DIR)",
				);
				GCC_INPUT_FILETYPE = automatic;
				GCC_PRECOMPILE_PREFIX_HEADER = YES;
				HEADER_SEARCH_PATHS = (
					"$(inherited)",
					/Applications/Xcode.app/Contents/Developer/Toolchains/XcodeDefault.xctoolchain/usr/include,
					"\"$(SRCROOT)/AVT_GigE_SDK/inc-pc\"",
					/usr/local/include,
					/usr/local/include/opencv,
					"/Application/MESA-Mac",
					/usr/local/include/opencv2,
				);
				INFOPLIST_FILE = "Mesa-MAC/Info.plist";
				LD_RUNPATH_SEARCH_PATHS = "$(inherited) @executable_path/../Frameworks";
				LIBRARY_SEARCH_PATHS = (
					"$(inherited)",
					/usr/local/lib,
					"$(PROJECT_DIR)/AVT_GigE_SDK/lib-pc/x64/4.2",
					"$(PROJECT_DIR)/OpenCV",
					"$(PROJECT_DIR)/J80G_Overlay/Users/gdlocal/Overlay/AVT_GigE_SDK/bin-pc/x64",
					"$(PROJECT_DIR)/J80G_Overlay/Users/gdlocal/Overlay/AVT_GigE_SDK/bin-pc/x86",
					"$(PROJECT_DIR)/J80G_Overlay/Users/gdlocal/Overlay/AVT_GigE_SDK/lib-pc/x64/4.2",
					"$(PROJECT_DIR)/J80G_Overlay/Users/gdlocal/Overlay/AVT_GigE_SDK/lib-pc/x86/4.2",
					"$(PROJECT_DIR)/J80G_Overlay/usr/local/lib",
					/usr/lib,
					"$(PROJECT_DIR)",
				);
				MACOSX_DEPLOYMENT_TARGET = 10.12;
				MARKETING_VERSION = 1.0.3.6;
				PRODUCT_NAME = "$(TARGET_NAME)";
			};
			name = Release;
		};
		7D93C53819D54E3F006974F0 /* Debug */ = {
			isa = XCBuildConfiguration;
			buildSettings = {
				BUNDLE_LOADER = "$(TEST_HOST)";
				COMBINE_HIDPI_IMAGES = YES;
				FRAMEWORK_SEARCH_PATHS = (
					"$(DEVELOPER_FRAMEWORKS_DIR)",
					"$(inherited)",
				);
				GCC_PREPROCESSOR_DEFINITIONS = (
					"DEBUG=1",
					"$(inherited)",
				);
				INFOPLIST_FILE = "Mesa-MACTests/Info.plist";
				LD_RUNPATH_SEARCH_PATHS = "$(inherited) @executable_path/../Frameworks @loader_path/../Frameworks";
				PRODUCT_NAME = "$(TARGET_NAME)";
				TEST_HOST = "$(BUILT_PRODUCTS_DIR)/Mesa-MAC.app/Contents/MacOS/Mesa-MAC";
			};
			name = Debug;
		};
		7D93C53919D54E3F006974F0 /* Release */ = {
			isa = XCBuildConfiguration;
			buildSettings = {
				BUNDLE_LOADER = "$(TEST_HOST)";
				COMBINE_HIDPI_IMAGES = YES;
				FRAMEWORK_SEARCH_PATHS = (
					"$(DEVELOPER_FRAMEWORKS_DIR)",
					"$(inherited)",
				);
				INFOPLIST_FILE = "Mesa-MACTests/Info.plist";
				LD_RUNPATH_SEARCH_PATHS = "$(inherited) @executable_path/../Frameworks @loader_path/../Frameworks";
				PRODUCT_NAME = "$(TARGET_NAME)";
				TEST_HOST = "$(BUILT_PRODUCTS_DIR)/Mesa-MAC.app/Contents/MacOS/Mesa-MAC";
			};
			name = Release;
		};
/* End XCBuildConfiguration section */

/* Begin XCConfigurationList section */
		7D93C51219D54E3F006974F0 /* Build configuration list for PBXProject "Mesa-MAC" */ = {
			isa = XCConfigurationList;
			buildConfigurations = (
				7D93C53219D54E3F006974F0 /* Debug */,
				7D93C53319D54E3F006974F0 /* Release */,
			);
			defaultConfigurationIsVisible = 0;
			defaultConfigurationName = Release;
		};
		7D93C53419D54E3F006974F0 /* Build configuration list for PBXNativeTarget "Mesa-MAC" */ = {
			isa = XCConfigurationList;
			buildConfigurations = (
				7D93C53519D54E3F006974F0 /* Debug */,
				7D93C53619D54E3F006974F0 /* Release */,
			);
			defaultConfigurationIsVisible = 0;
			defaultConfigurationName = Release;
		};
		7D93C53719D54E3F006974F0 /* Build configuration list for PBXNativeTarget "Mesa-MACTests" */ = {
			isa = XCConfigurationList;
			buildConfigurations = (
				7D93C53819D54E3F006974F0 /* Debug */,
				7D93C53919D54E3F006974F0 /* Release */,
			);
			defaultConfigurationIsVisible = 0;
			defaultConfigurationName = Release;
		};
/* End XCConfigurationList section */
	};
	rootObject = 7D93C50F19D54E3F006974F0 /* Project object */;
}
